
Microsoft Visual Studio Solution File, Format Version 12.00
# Visual Studio Version 17
VisualStudioVersion = 17.14.36414.22 d17.14
MinimumVisualStudioVersion = 10.0.40219.1
Project("{FAE04EC0-301F-11D3-BF4B-00C04F79EFBC}") = "MenorDeTres", "MenorDeTres\MenorDeTres.csproj", "{7B6CBF94-8610-4D43-B289-1AE9048D1D31}"
EndProject
Global
	GlobalSection(SolutionConfigurationPlatforms) = preSolution
		Debug|Any CPU = Debug|Any CPU
		Release|Any CPU = Release|Any CPU
	EndGlobalSection
	GlobalSection(ProjectConfigurationPlatforms) = postSolution
		{7B6CBF94-8610-4D43-B289-1AE9048D1D31}.Debug|Any CPU.ActiveCfg = Debug|Any CPU
		{7B6CBF94-8610-4D43-B289-1AE9048D1D31}.Debug|Any CPU.Build.0 = Debug|Any CPU
		{7B6CBF94-8610-4D43-B289-1AE9048D1D31}.Release|Any CPU.ActiveCfg = Release|Any CPU
		{7B6CBF94-8610-4D43-B289-1AE9048D1D31}.Release|Any CPU.Build.0 = Release|Any CPU
	EndGlobalSection
	GlobalSection(SolutionProperties) = preSolution
		HideSolutionNode = FALSE
	EndGlobalSection
	GlobalSection(ExtensibilityGlobals) = postSolution
		SolutionGuid = {4FAEDDAF-9E9F-4084-B414-3F98046E3B90}
	EndGlobalSection
EndGlobal
