
Microsoft Visual Studio Solution File, Format Version 12.00
# Visual Studio Version 17
VisualStudioVersion = 17.14.36414.22 d17.14
MinimumVisualStudioVersion = 10.0.40219.1
Project("{FAE04EC0-301F-11D3-BF4B-00C04F79EFBC}") = "SomaVetor", "SomaVetor\SomaVetor.csproj", "{DCE89E53-2E5F-4FD9-9CBD-5ACBF7D25B26}"
EndProject
Global
	GlobalSection(SolutionConfigurationPlatforms) = preSolution
		Debug|Any CPU = Debug|Any CPU
		Release|Any CPU = Release|Any CPU
	EndGlobalSection
	GlobalSection(ProjectConfigurationPlatforms) = postSolution
		{DCE89E53-2E5F-4FD9-9CBD-5ACBF7D25B26}.Debug|Any CPU.ActiveCfg = Debug|Any CPU
		{DCE89E53-2E5F-4FD9-9CBD-5ACBF7D25B26}.Debug|Any CPU.Build.0 = Debug|Any CPU
		{DCE89E53-2E5F-4FD9-9CBD-5ACBF7D25B26}.Release|Any CPU.ActiveCfg = Release|Any CPU
		{DCE89E53-2E5F-4FD9-9CBD-5ACBF7D25B26}.Release|Any CPU.Build.0 = Release|Any CPU
	EndGlobalSection
	GlobalSection(SolutionProperties) = preSolution
		HideSolutionNode = FALSE
	EndGlobalSection
	GlobalSection(ExtensibilityGlobals) = postSolution
		SolutionGuid = {35C65013-CFE0-465F-9B1E-0D107408E634}
	EndGlobalSection
EndGlobal
